PODS:
  - FBAEMKit (13.1.0):
    - FBSDKCoreKit_Basics (= 13.1.0)
  - FBSDKCoreKit (13.1.0):
    - FBAEMKit (= 13.1.0)
    - FBSDKCoreKit_Basics (= 13.1.0)
  - FBSDKCoreKit_Basics (13.1.0)

DEPENDENCIES:
  - FBSDKCoreKit

SPEC REPOS:
  trunk:
    - FBAEMKit
    - FBSDKCoreKit
    - FBSDKCoreKit_Basics

SPEC CHECKSUMS:
  FBAEMKit: 9ce89760a23f03ffecd907c8e1f3201160f2dcc7
  FBSDKCoreKit: eff97dea778dbe6cc4498959cffb619c75675102
  FBSDKCoreKit_Basics: c151609a1cf6976a5958febcf0043266a8fd5151

PODFILE CHECKSUM: d8a34bf8e5af0b21c82d9c3d7d3db937ba47b1c4

COCOAPODS: 1.11.2
